# This file is automatically @generated by Cargo.
# It is not intended for manual editing.
[[package]]
name = "bimap"
version = "0.4.0"
source = "registry+https://github.com/rust-lang/crates.io-index"
checksum = "783204f24fd7724ea274d327619cfa6a6018047bb0561a68aadff6f56787591b"
dependencies = [
 "cfg-if",
]

[[package]]
name = "cfg-if"
version = "0.1.9"
source = "registry+https://github.com/rust-lang/crates.io-index"
checksum = "b486ce3ccf7ffd79fdeb678eac06a9e6c09fc88d33836340becb8fffe87c5e33"

[[package]]
name = "leb128"
version = "0.2.4"
source = "registry+https://github.com/rust-lang/crates.io-index"
checksum = "3576a87f2ba00f6f106fdfcd16db1d698d648a26ad8e0573cad8537c3c362d2a"

[[package]]
name = "peg"
version = "0.6.2"
source = "registry+https://github.com/rust-lang/crates.io-index"
checksum = "9075875c14bb21f25f11cad4b6ad2e4dd443b8fb83900b2fbdd6ebd744b82e97"
dependencies = [
 "peg-macros",
 "peg-runtime",
]

[[package]]
name = "peg-macros"
version = "0.6.2"
source = "registry+https://github.com/rust-lang/crates.io-index"
checksum = "c24c165fd39e995246140cc78df55c56c6733ba87e6658cb3e197b8856c62852"
dependencies = [
 "peg-runtime",
 "proc-macro2",
 "quote",
]

[[package]]
name = "peg-runtime"
version = "0.6.2"
source = "registry+https://github.com/rust-lang/crates.io-index"
checksum = "0c1a2897e69d986c7986747ebad425cf03746ec5e3e09bb3b2600f91301ba864"

[[package]]
name = "proc-macro2"
version = "1.0.18"
source = "registry+https://github.com/rust-lang/crates.io-index"
checksum = "beae6331a816b1f65d04c45b078fd8e6c93e8071771f41b8163255bbd8d7c8fa"
dependencies = [
 "unicode-xid",
]

[[package]]
name = "quote"
version = "1.0.7"
source = "registry+https://github.com/rust-lang/crates.io-index"
checksum = "aa563d17ecb180e500da1cfd2b028310ac758de548efdd203e18f283af693f37"
dependencies = [
 "proc-macro2",
]

[[package]]
name = "tarn"
version = "0.1.0"
dependencies = [
 "bimap",
 "leb128",
 "peg",
]

[[package]]
name = "unicode-xid"
version = "0.2.0"
source = "registry+https://github.com/rust-lang/crates.io-index"
checksum = "826e7639553986605ec5979c7dd957c7895e93eabed50ab2ffa7f6128a75097c"
